<?xml version="1.0" encoding="utf-8"?>
<Project ToolsVersion="4.0" xmlns="http://schemas.microsoft.com/developer/msbuild/2003">
  <ItemGroup>
    <Filter Include="源文件">
      <UniqueIdentifier>{4FC737F1-C7A5-4376-A066-2A32D752A2FF}</UniqueIdentifier>
      <Extensions>cpp;c;cc;cxx;def;odl;idl;hpj;bat;asm;asmx</Extensions>
    </Filter>
    <Filter Include="头文件">
      <UniqueIdentifier>{93995380-89BD-4b04-88EB-625FBE52EBFB}</UniqueIdentifier>
      <Extensions>h;hh;hpp;hxx;hm;inl;inc;xsd</Extensions>
    </Filter>
    <Filter Include="资源文件">
      <UniqueIdentifier>{67DA6AB6-F800-4c08-8B7A-83BB121AAD01}</UniqueIdentifier>
      <Extensions>rc;ico;cur;bmp;dlg;rc2;rct;bin;rgs;gif;jpg;jpeg;jpe;resx;tiff;tif;png;wav;mfcribbon-ms</Extensions>
    </Filter>
  </ItemGroup>
  <ItemGroup>
    <ClInclude Include="stdafx.h">
      <Filter>头文件</Filter>
    </ClInclude>
    <ClInclude Include="targetver.h">
      <Filter>头文件</Filter>
    </ClInclude>
    <ClInclude Include="Resource.h">
      <Filter>头文件</Filter>
    </ClInclude>
    <ClInclude Include="FileBrowser.h">
      <Filter>头文件</Filter>
    </ClInclude>
    <ClInclude Include="MainWnd.h">
      <Filter>头文件</Filter>
    </ClInclude>
    <ClInclude Include="SkinFrame.h">
      <Filter>头文件</Filter>
    </ClInclude>
    <ClInclude Include="SkinManager.h">
      <Filter>头文件</Filter>
    </ClInclude>
    <ClInclude Include="FileItemUI.h">
      <Filter>头文件</Filter>
    </ClInclude>
    <ClInclude Include="LabelEx.h">
      <Filter>头文件</Filter>
    </ClInclude>
    <ClInclude Include="FileData.h">
      <Filter>头文件</Filter>
    </ClInclude>
    <ClInclude Include="MsgWnd.h">
      <Filter>头文件</Filter>
    </ClInclude>
    <ClInclude Include="MD5.h">
      <Filter>头文件</Filter>
    </ClInclude>
    <ClInclude Include="MyDefine.h">
      <Filter>头文件</Filter>
    </ClInclude>
    <ClInclude Include="Utils.h">
      <Filter>头文件</Filter>
    </ClInclude>
    <ClInclude Include="DuiPhotoView.h">
      <Filter>头文件</Filter>
    </ClInclude>
    <ClInclude Include="DUIWindow.h">
      <Filter>头文件</Filter>
    </ClInclude>
    <ClInclude Include="FileDialogEx.h">
      <Filter>头文件</Filter>
    </ClInclude>
    <ClInclude Include="UUCenterUI.h">
      <Filter>头文件</Filter>
    </ClInclude>
    <ClInclude Include="UUPhotoListUI.h">
      <Filter>头文件</Filter>
    </ClInclude>
  </ItemGroup>
  <ItemGroup>
    <ClCompile Include="stdafx.cpp">
      <Filter>源文件</Filter>
    </ClCompile>
    <ClCompile Include="FileBrowser.cpp">
      <Filter>源文件</Filter>
    </ClCompile>
    <ClCompile Include="MainWnd.cpp">
      <Filter>源文件</Filter>
    </ClCompile>
    <ClCompile Include="SkinManager.cpp">
      <Filter>源文件</Filter>
    </ClCompile>
    <ClCompile Include="FileItemUI.cpp">
      <Filter>源文件</Filter>
    </ClCompile>
    <ClCompile Include="MsgWnd.cpp">
      <Filter>源文件</Filter>
    </ClCompile>
    <ClCompile Include="MD5.cpp">
      <Filter>源文件</Filter>
    </ClCompile>
    <ClCompile Include="DuiPhotoView.cpp">
      <Filter>源文件</Filter>
    </ClCompile>
    <ClCompile Include="FileDialogEx.cpp">
      <Filter>源文件</Filter>
    </ClCompile>
    <ClCompile Include="UUCenterUI.cpp">
      <Filter>源文件</Filter>
    </ClCompile>
    <ClCompile Include="UUPhotoListUI.cpp">
      <Filter>源文件</Filter>
    </ClCompile>
  </ItemGroup>
  <ItemGroup>
    <ResourceCompile Include="FileBrowser.rc">
      <Filter>资源文件</Filter>
    </ResourceCompile>
  </ItemGroup>
  <ItemGroup>
    <Image Include="small.ico">
      <Filter>资源文件</Filter>
    </Image>
    <Image Include="FileBrowser.ico">
      <Filter>资源文件</Filter>
    </Image>
  </ItemGroup>
  <ItemGroup>
    <Xml Include="..\bin\skin\main.xml">
      <Filter>资源文件</Filter>
    </Xml>
    <Xml Include="..\bin\skin\msg.xml">
      <Filter>资源文件</Filter>
    </Xml>
    <Xml Include="..\bin\skin\res.xml">
      <Filter>资源文件</Filter>
    </Xml>
    <Xml Include="..\bin\skin\skin.xml">
      <Filter>资源文件</Filter>
    </Xml>
    <Xml Include="..\bin\skin\fileitem.xml">
      <Filter>资源文件</Filter>
    </Xml>
    <Xml Include="..\bin\skin\listitem.xml">
      <Filter>资源文件</Filter>
    </Xml>
    <Xml Include="..\bin\skin\menu.xml">
      <Filter>资源文件</Filter>
    </Xml>
    <Xml Include="..\bin\skin\tr_listitem.xml">
      <Filter>资源文件</Filter>
    </Xml>
    <Xml Include="..\bin\skin\tr_history_listitem.xml">
      <Filter>资源文件</Filter>
    </Xml>
    <Xml Include="..\bin\skin\imageview.xml">
      <Filter>资源文件</Filter>
    </Xml>
  </ItemGroup>
</Project>